
Microsoft Visual Studio Solution File, Format Version 12.00
# Visual Studio Version 17
VisualStudioVersion = 17.9.34728.123
MinimumVisualStudioVersion = 10.0.40219.1
Project("{FAE04EC0-301F-11D3-BF4B-00C04F79EFBC}") = "DerasWebsocketProtocolSample", "DerasWebsocketProtocolSample\DerasWebsocketProtocolSample.csproj", "{2C65E451-47C8-4CA6-916C-70F84ED32B0A}"
EndProject
Global
	GlobalSection(SolutionConfigurationPlatforms) = preSolution
		Debug|Any CPU = Debug|Any CPU
		Release|Any CPU = Release|Any CPU
	EndGlobalSection
	GlobalSection(ProjectConfigurationPlatforms) = postSolution
		{2C65E451-47C8-4CA6-916C-70F84ED32B0A}.Debug|Any CPU.ActiveCfg = Debug|Any CPU
		{2C65E451-47C8-4CA6-916C-70F84ED32B0A}.Debug|Any CPU.Build.0 = Debug|Any CPU
		{2C65E451-47C8-4CA6-916C-70F84ED32B0A}.Release|Any CPU.ActiveCfg = Release|Any CPU
		{2C65E451-47C8-4CA6-916C-70F84ED32B0A}.Release|Any CPU.Build.0 = Release|Any CPU
	EndGlobalSection
	GlobalSection(SolutionProperties) = preSolution
		HideSolutionNode = FALSE
	EndGlobalSection
	GlobalSection(ExtensibilityGlobals) = postSolution
		SolutionGuid = {596442B4-4C29-4F59-85AD-77C85D3269C5}
	EndGlobalSection
EndGlobal
